
Microsoft Visual Studio Solution File, Format Version 12.00
# Visual Studio Version 17
VisualStudioVersion = 17.13.35919.96
MinimumVisualStudioVersion = 10.0.40219.1
Project("{FAE04EC0-301F-11D3-BF4B-00C04F79EFBC}") = "HireHive.Api", "src\Api\HireHive.Api.csproj", "{D27A35F7-88D6-47F8-836E-4BC339339E36}"
EndProject
Project("{FAE04EC0-301F-11D3-BF4B-00C04F79EFBC}") = "HireHive.Application", "src\Application\HireHive.Application.csproj", "{6A5F81BA-12E5-4517-8B60-4DCC5A37B9ED}"
EndProject
Project("{FAE04EC0-301F-11D3-BF4B-00C04F79EFBC}") = "HireHive.Domain", "src\Domain\HireHive.Domain.csproj", "{35BAA553-B7F8-4172-B466-E082CA6A7196}"
EndProject
Project("{FAE04EC0-301F-11D3-BF4B-00C04F79EFBC}") = "HireHive.Infrastructure", "src\Infrastructure\HireHive.Infrastructure.csproj", "{6B152D66-CA5C-41FD-BF4D-33DD467286E8}"
EndProject
Project("{FAE04EC0-301F-11D3-BF4B-00C04F79EFBC}") = "HireHive.Tests", "src\Tests\HireHive.Tests.csproj", "{53BC0EC0-E3CF-4504-AFFF-5CE65565137C}"
EndProject
Project("{FAE04EC0-301F-11D3-BF4B-00C04F79EFBC}") = "HireHive.Common", "src\HireHive.Common\HireHive.Common.csproj", "{2D71AEC1-E02D-96C2-7A02-A0462EB6C1FF}"
EndProject
Project("{FAE04EC0-301F-11D3-BF4B-00C04F79EFBC}") = "HireHive.DependencyInjection", "src\HireHive.DependencyInjection\HireHive.DependencyInjection.csproj", "{3B70191F-D6E6-14DA-7522-B041A138B18D}"
EndProject
Global
	GlobalSection(SolutionConfigurationPlatforms) = preSolution
		Debug|Any CPU = Debug|Any CPU
		Release|Any CPU = Release|Any CPU
	EndGlobalSection
	GlobalSection(ProjectConfigurationPlatforms) = postSolution
		{D27A35F7-88D6-47F8-836E-4BC339339E36}.Debug|Any CPU.ActiveCfg = Debug|Any CPU
		{D27A35F7-88D6-47F8-836E-4BC339339E36}.Debug|Any CPU.Build.0 = Debug|Any CPU
		{D27A35F7-88D6-47F8-836E-4BC339339E36}.Release|Any CPU.ActiveCfg = Release|Any CPU
		{D27A35F7-88D6-47F8-836E-4BC339339E36}.Release|Any CPU.Build.0 = Release|Any CPU
		{6A5F81BA-12E5-4517-8B60-4DCC5A37B9ED}.Debug|Any CPU.ActiveCfg = Debug|Any CPU
		{6A5F81BA-12E5-4517-8B60-4DCC5A37B9ED}.Debug|Any CPU.Build.0 = Debug|Any CPU
		{6A5F81BA-12E5-4517-8B60-4DCC5A37B9ED}.Release|Any CPU.ActiveCfg = Release|Any CPU
		{6A5F81BA-12E5-4517-8B60-4DCC5A37B9ED}.Release|Any CPU.Build.0 = Release|Any CPU
		{35BAA553-B7F8-4172-B466-E082CA6A7196}.Debug|Any CPU.ActiveCfg = Debug|Any CPU
		{35BAA553-B7F8-4172-B466-E082CA6A7196}.Debug|Any CPU.Build.0 = Debug|Any CPU
		{35BAA553-B7F8-4172-B466-E082CA6A7196}.Release|Any CPU.ActiveCfg = Release|Any CPU
		{35BAA553-B7F8-4172-B466-E082CA6A7196}.Release|Any CPU.Build.0 = Release|Any CPU
		{6B152D66-CA5C-41FD-BF4D-33DD467286E8}.Debug|Any CPU.ActiveCfg = Debug|Any CPU
		{6B152D66-CA5C-41FD-BF4D-33DD467286E8}.Debug|Any CPU.Build.0 = Debug|Any CPU
		{6B152D66-CA5C-41FD-BF4D-33DD467286E8}.Release|Any CPU.ActiveCfg = Release|Any CPU
		{6B152D66-CA5C-41FD-BF4D-33DD467286E8}.Release|Any CPU.Build.0 = Release|Any CPU
		{53BC0EC0-E3CF-4504-AFFF-5CE65565137C}.Debug|Any CPU.ActiveCfg = Debug|Any CPU
		{53BC0EC0-E3CF-4504-AFFF-5CE65565137C}.Debug|Any CPU.Build.0 = Debug|Any CPU
		{53BC0EC0-E3CF-4504-AFFF-5CE65565137C}.Release|Any CPU.ActiveCfg = Release|Any CPU
		{53BC0EC0-E3CF-4504-AFFF-5CE65565137C}.Release|Any CPU.Build.0 = Release|Any CPU
		{2D71AEC1-E02D-96C2-7A02-A0462EB6C1FF}.Debug|Any CPU.ActiveCfg = Debug|Any CPU
		{2D71AEC1-E02D-96C2-7A02-A0462EB6C1FF}.Debug|Any CPU.Build.0 = Debug|Any CPU
		{2D71AEC1-E02D-96C2-7A02-A0462EB6C1FF}.Release|Any CPU.ActiveCfg = Release|Any CPU
		{2D71AEC1-E02D-96C2-7A02-A0462EB6C1FF}.Release|Any CPU.Build.0 = Release|Any CPU
		{3B70191F-D6E6-14DA-7522-B041A138B18D}.Debug|Any CPU.ActiveCfg = Debug|Any CPU
		{3B70191F-D6E6-14DA-7522-B041A138B18D}.Debug|Any CPU.Build.0 = Debug|Any CPU
		{3B70191F-D6E6-14DA-7522-B041A138B18D}.Release|Any CPU.ActiveCfg = Release|Any CPU
		{3B70191F-D6E6-14DA-7522-B041A138B18D}.Release|Any CPU.Build.0 = Release|Any CPU
	EndGlobalSection
	GlobalSection(SolutionProperties) = preSolution
		HideSolutionNode = FALSE
	EndGlobalSection
	GlobalSection(ExtensibilityGlobals) = postSolution
		SolutionGuid = {70618572-E52A-4BA8-98FD-303202C69690}
	EndGlobalSection
EndGlobal
